
Microsoft Visual Studio Solution File, Format Version 12.00
# Visual Studio Version 17
VisualStudioVersion = 17.14.36414.22 d17.14
MinimumVisualStudioVersion = 10.0.40219.1
Project("{FAE04EC0-301F-11D3-BF4B-00C04F79EFBC}") = "UsoLINQ", "UsoLINQ\UsoLINQ.csproj", "{211B655F-4727-428C-8E4D-373879352104}"
EndProject
Global
	GlobalSection(SolutionConfigurationPlatforms) = preSolution
		Debug|Any CPU = Debug|Any CPU
		Release|Any CPU = Release|Any CPU
	EndGlobalSection
	GlobalSection(ProjectConfigurationPlatforms) = postSolution
		{211B655F-4727-428C-8E4D-373879352104}.Debug|Any CPU.ActiveCfg = Debug|Any CPU
		{211B655F-4727-428C-8E4D-373879352104}.Debug|Any CPU.Build.0 = Debug|Any CPU
		{211B655F-4727-428C-8E4D-373879352104}.Release|Any CPU.ActiveCfg = Release|Any CPU
		{211B655F-4727-428C-8E4D-373879352104}.Release|Any CPU.Build.0 = Release|Any CPU
	EndGlobalSection
	GlobalSection(SolutionProperties) = preSolution
		HideSolutionNode = FALSE
	EndGlobalSection
	GlobalSection(ExtensibilityGlobals) = postSolution
		SolutionGuid = {0A9CA385-C3B9-47EC-934C-E20022C05BAC}
	EndGlobalSection
EndGlobal
