
Microsoft Visual Studio Solution File, Format Version 12.00
# Visual Studio Version 17
VisualStudioVersion = 17.14.36414.22 d17.14
MinimumVisualStudioVersion = 10.0.40219.1
Project("{FAE04EC0-301F-11D3-BF4B-00C04F79EFBC}") = "Videos17-19", "Videos17-19\Videos17-19.csproj", "{B0B15108-FBDB-40EB-8733-1C5E87E46039}"
EndProject
Global
	GlobalSection(SolutionConfigurationPlatforms) = preSolution
		Debug|Any CPU = Debug|Any CPU
		Release|Any CPU = Release|Any CPU
	EndGlobalSection
	GlobalSection(ProjectConfigurationPlatforms) = postSolution
		{B0B15108-FBDB-40EB-8733-1C5E87E46039}.Debug|Any CPU.ActiveCfg = Debug|Any CPU
		{B0B15108-FBDB-40EB-8733-1C5E87E46039}.Debug|Any CPU.Build.0 = Debug|Any CPU
		{B0B15108-FBDB-40EB-8733-1C5E87E46039}.Release|Any CPU.ActiveCfg = Release|Any CPU
		{B0B15108-FBDB-40EB-8733-1C5E87E46039}.Release|Any CPU.Build.0 = Release|Any CPU
	EndGlobalSection
	GlobalSection(SolutionProperties) = preSolution
		HideSolutionNode = FALSE
	EndGlobalSection
	GlobalSection(ExtensibilityGlobals) = postSolution
		SolutionGuid = {E92E139F-F770-4E74-8275-238109A9C0B5}
	EndGlobalSection
EndGlobal
